
Microsoft Visual Studio Solution File, Format Version 12.00
# Visual Studio Version 17
VisualStudioVersion = 17.7.34221.43
MinimumVisualStudioVersion = 10.0.40219.1
Project("{9A19103F-16F7-4668-BE54-9A1E7A4F7556}") = "Transport_Booking.Server", "Transport_Booking\Server\Transport_Booking.Server.csproj", "{4A191A56-A9FB-4B3A-A9C5-0FD0FDF0DD2F}"
EndProject
Project("{9A19103F-16F7-4668-BE54-9A1E7A4F7556}") = "Transport_Booking.Client", "Transport_Booking\Client\Transport_Booking.Client.csproj", "{767A04A3-6AC9-4DA6-9EF0-4701AA443FFE}"
EndProject
Project("{9A19103F-16F7-4668-BE54-9A1E7A4F7556}") = "Transport_Booking.Shared", "Transport_Booking\Shared\Transport_Booking.Shared.csproj", "{7B4FE823-268C-4A3B-9155-E57C264ABCAD}"
EndProject
Global
	GlobalSection(SolutionConfigurationPlatforms) = preSolution
		Debug|Any CPU = Debug|Any CPU
		Release|Any CPU = Release|Any CPU
	EndGlobalSection
	GlobalSection(ProjectConfigurationPlatforms) = postSolution
		{4A191A56-A9FB-4B3A-A9C5-0FD0FDF0DD2F}.Debug|Any CPU.ActiveCfg = Debug|Any CPU
		{4A191A56-A9FB-4B3A-A9C5-0FD0FDF0DD2F}.Debug|Any CPU.Build.0 = Debug|Any CPU
		{4A191A56-A9FB-4B3A-A9C5-0FD0FDF0DD2F}.Release|Any CPU.ActiveCfg = Release|Any CPU
		{4A191A56-A9FB-4B3A-A9C5-0FD0FDF0DD2F}.Release|Any CPU.Build.0 = Release|Any CPU
		{767A04A3-6AC9-4DA6-9EF0-4701AA443FFE}.Debug|Any CPU.ActiveCfg = Debug|Any CPU
		{767A04A3-6AC9-4DA6-9EF0-4701AA443FFE}.Debug|Any CPU.Build.0 = Debug|Any CPU
		{767A04A3-6AC9-4DA6-9EF0-4701AA443FFE}.Release|Any CPU.ActiveCfg = Release|Any CPU
		{767A04A3-6AC9-4DA6-9EF0-4701AA443FFE}.Release|Any CPU.Build.0 = Release|Any CPU
		{7B4FE823-268C-4A3B-9155-E57C264ABCAD}.Debug|Any CPU.ActiveCfg = Debug|Any CPU
		{7B4FE823-268C-4A3B-9155-E57C264ABCAD}.Debug|Any CPU.Build.0 = Debug|Any CPU
		{7B4FE823-268C-4A3B-9155-E57C264ABCAD}.Release|Any CPU.ActiveCfg = Release|Any CPU
		{7B4FE823-268C-4A3B-9155-E57C264ABCAD}.Release|Any CPU.Build.0 = Release|Any CPU
	EndGlobalSection
	GlobalSection(SolutionProperties) = preSolution
		HideSolutionNode = FALSE
	EndGlobalSection
	GlobalSection(ExtensibilityGlobals) = postSolution
		SolutionGuid = {C5306A9F-4BED-4172-8ABA-D7EA69942781}
	EndGlobalSection
EndGlobal
